{
  "name": "devbuilds",
  "version": "1.0.0",
  "lockfileVersion": 2,
  "requires": true,
  "packages": {
    "": {
      "name": "devbuilds",
      "version": "1.0.0",
      "license": "MIT",
      "dependencies": {
        "devbuilds": "file:"
      }
    },
    "node_modules/devbuilds": {
      "resolved": "",
      "link": true
    }
  },
  "dependencies": {
    "devbuilds": {
      "version": "file:",
      "requires": {
        "devbuilds": "file:"
      }
    }
  }
}
